# Code generated by scarb DO NOT EDIT.
version = 1

[[package]]
name = "cloakpay"
version = "0.1.0"
dependencies = [
 "snforge_std",
]

[[package]]
name = "snforge_scarb_plugin"
version = "0.31.1"
source = "registry+https://scarbs.xyz/"
checksum = "sha256:239c8566048808c7f15733f27f604623ed7ceb16324bacafed70291f2c4fe57e"

[[package]]
name = "snforge_std"
version = "0.31.1"
source = "registry+https://scarbs.xyz/"
checksum = "sha256:1148da046c253f4e11e3d34cb9b99c9a45233381f48158a101a780746dc04a9d"
dependencies = [
 "snforge_scarb_plugin",
]
